// !$*UTF8*$!
{
	archiveVersion = 1;
	classes = {
	};
	objectVersion = 46;
	objects = {

/* Begin PBXBuildFile section */
		325EC3C41ACD9057004BAA92 /* main.cpp in Sources */ = {isa = PBXBuildFile; fileRef = 325EC3C31ACD9057004BAA92 /* main.cpp */; };
/* End PBXBuildFile section */

/* Begin PBXCopyFilesBuildPhase section */
		325EC3BE1ACD9057004BAA92 /* CopyFiles */ = {
			isa = PBXCopyFilesBuildPhase;
			buildActionMask = 2147483647;
			dstPath = /usr/share/man/man1/;
			dstSubfolderSpec = 0;
			files = (
			);
			runOnlyForDeploymentPostprocessing = 1;
		};
/* End PBXCopyFilesBuildPhase section */

/* Begin PBXFileReference section */
		325EC3C01ACD9057004BAA92 /* Chapter04Exercise09 */ = {isa = PBXFileReference; explicitFileType = "compiled.mach-o.executable"; includeInIndex = 0; path = Chapter04Exercise09; sourceTree = BUILT_PRODUCTS_DIR; };
		325EC3C31ACD9057004BAA92 /* main.cpp */ = {isa = PBXFileReference; lastKnownFileType = sourcecode.cpp.cpp; path = main.cpp; sourceTree = "<group>"; };
/* End PBXFileReference section */

/* Begin PBXFrameworksBuildPhase section */
		325EC3BD1ACD9057004BAA92 /* Frameworks */ = {
			isa = PBXFrameworksBuildPhase;
			buildActionMask = 2147483647;
			files = (
			);
			runOnlyForDeploymentPostprocessing = 0;
		};
/* End PBXFrameworksBuildPhase section */

/* Begin PBXGroup section */
		325EC3B71ACD9057004BAA92 = {
			isa = PBXGroup;
			children = (
				325EC3C21ACD9057004BAA92 /* Chapter04Exercise09 */,
				325EC3C11ACD9057004BAA92 /* Products */,
			);
			sourceTree = "<group>";
		};
		325EC3C11ACD9057004BAA92 /* Products */ = {
			isa = PBXGroup;
			children = (
				325EC3C01ACD9057004BAA92 /* Chapter04Exercise09 */,
			);
			name = Products;
			sourceTree = "<group>";
		};
		325EC3C21ACD9057004BAA92 /* Chapter04Exercise09 */ = {
			isa = PBXGroup;
			children = (
				325EC3C31ACD9057004BAA92 /* main.cpp */,
			);
			path = Chapter04Exercise09;
			sourceTree = "<group>";
		};
/* End PBXGroup section */

/* Begin PBXNativeTarget section */
		325EC3BF1ACD9057004BAA92 /* Chapter04Exercise09 */ = {
			isa = PBXNativeTarget;
			buildConfigurationList = 325EC3C71ACD9057004BAA92 /* Build configuration list for PBXNativeTarget "Chapter04Exercise09" */;
			buildPhases = (
				325EC3BC1ACD9057004BAA92 /* Sources */,
				325EC3BD1ACD9057004BAA92 /* Frameworks */,
				325EC3BE1ACD9057004BAA92 /* CopyFiles */,
			);
			buildRules = (
			);
			dependencies = (
			);
			name = Chapter04Exercise09;
			productName = Chapter04Exercise09;
			productReference = 325EC3C01ACD9057004BAA92 /* Chapter04Exercise09 */;
			productType = "com.apple.product-type.tool";
		};
/* End PBXNativeTarget section */

/* Begin PBXProject section */
		325EC3B81ACD9057004BAA92 /* Project object */ = {
			isa = PBXProject;
			attributes = {
				LastUpgradeCheck = 0620;
				ORGANIZATIONNAME = "Cynthia Brown";
				TargetAttributes = {
					325EC3BF1ACD9057004BAA92 = {
						CreatedOnToolsVersion = 6.2;
					};
				};
			};
			buildConfigurationList = 325EC3BB1ACD9057004BAA92 /* Build configuration list for PBXProject "Chapter04Exercise09" */;
			compatibilityVersion = "Xcode 3.2";
			developmentRegion = English;
			hasScannedForEncodings = 0;
			knownRegions = (
				en,
			);
			mainGroup = 325EC3B71ACD9057004BAA92;
			productRefGroup = 325EC3C11ACD9057004BAA92 /* Products */;
			projectDirPath = "";
			projectRoot = "";
			targets = (
				325EC3BF1ACD9057004BAA92 /* Chapter04Exercise09 */,
			);
		};
/* End PBXProject section */

/* Begin PBXSourcesBuildPhase section */
		325EC3BC1ACD9057004BAA92 /* Sources */ = {
			isa = PBXSourcesBuildPhase;
			buildActionMask = 2147483647;
			files = (
				325EC3C41ACD9057004BAA92 /* main.cpp in Sources */,
			);
			runOnlyForDeploymentPostprocessing = 0;
		};
/* End PBXSourcesBuildPhase section */

/* Begin XCBuildConfiguration section */
		325EC3C51ACD9057004BAA92 /* Debug */ = {
			isa = XCBuildConfiguration;
			buildSettings = {
				ALWAYS_SEARCH_USER_PATHS = NO;
				CLANG_CXX_LANGUAGE_STANDARD = "gnu++0x";
				CLANG_CXX_LIBRARY = "libc++";
				CLANG_ENABLE_MODULES = YES;
				CLANG_ENABLE_OBJC_ARC = YES;
				CLANG_WARN_BOOL_CONVERSION = YES;
				CLANG_WARN_CONSTANT_CONVERSION = YES;
				CLANG_WARN_DIRECT_OBJC_ISA_USAGE = YES_ERROR;
				CLANG_WARN_EMPTY_BODY = YES;
				CLANG_WARN_ENUM_CONVERSION = YES;
				CLANG_WARN_INT_CONVERSION = YES;
				CLANG_WARN_OBJC_ROOT_CLASS = YES_ERROR;
				CLANG_WARN_UNREACHABLE_CODE = YES;
				CLANG_WARN__DUPLICATE_METHOD_MATCH = YES;
				COPY_PHASE_STRIP = NO;
				ENABLE_STRICT_OBJC_MSGSEND = YES;
				GCC_C_LANGUAGE_STANDARD = gnu99;
				GCC_DYNAMIC_NO_PIC = NO;
				GCC_OPTIMIZATION_LEVEL = 0;
				GCC_PREPROCESSOR_DEFINITIONS = (
					"DEBUG=1",
					"$(inherited)",
				);
				GCC_SYMBOLS_PRIVATE_EXTERN = NO;
				GCC_WARN_64_TO_32_BIT_CONVERSION = YES;
				GCC_WARN_ABOUT_RETURN_TYPE = YES_ERROR;
				GCC_WARN_UNDECLARED_SELECTOR = YES;
				GCC_WARN_UNINITIALIZED_AUTOS = YES_AGGRESSIVE;
				GCC_WARN_UNUSED_FUNCTION = YES;
				GCC_WARN_UNUSED_VARIABLE = YES;
				MACOSX_DEPLOYMENT_TARGET = 10.10;
				MTL_ENABLE_DEBUG_INFO = YES;
				ONLY_ACTIVE_ARCH = YES;
				SDKROOT = macosx;
			};
			name = Debug;
		};
		325EC3C61ACD9057004BAA92 /* Release */ = {
			isa = XCBuildConfiguration;
			buildSettings = {
				ALWAYS_SEARCH_USER_PATHS = NO;
				CLANG_CXX_LANGUAGE_STANDARD = "gnu++0x";
				CLANG_CXX_LIBRARY = "libc++";
				CLANG_ENABLE_MODULES = YES;
				CLANG_ENABLE_OBJC_ARC = YES;
				CLANG_WARN_BOOL_CONVERSION = YES;
				CLANG_WARN_CONSTANT_CONVERSION = YES;
				CLANG_WARN_DIRECT_OBJC_ISA_USAGE = YES_ERROR;
				CLANG_WARN_EMPTY_BODY = YES;
				CLANG_WARN_ENUM_CONVERSION = YES;
				CLANG_WARN_INT_CONVERSION = YES;
				CLANG_WARN_OBJC_ROOT_CLASS = YES_ERROR;
				CLANG_WARN_UNREACHABLE_CODE = YES;
				CLANG_WARN__DUPLICATE_METHOD_MATCH = YES;
				COPY_PHASE_STRIP = NO;
				DEBUG_INFORMATION_FORMAT = "dwarf-with-dsym";
				ENABLE_NS_ASSERTIONS = NO;
				ENABLE_STRICT_OBJC_MSGSEND = YES;
				GCC_C_LANGUAGE_STANDARD = gnu99;
				GCC_WARN_64_TO_32_BIT_CONVERSION = YES;
				GCC_WARN_ABOUT_RETURN_TYPE = YES_ERROR;
				GCC_WARN_UNDECLARED_SELECTOR = YES;
				GCC_WARN_UNINITIALIZED_AUTOS = YES_AGGRESSIVE;
				GCC_WARN_UNUSED_FUNCTION = YES;
				GCC_WARN_UNUSED_VARIABLE = YES;
				MACOSX_DEPLOYMENT_TARGET = 10.10;
				MTL_ENABLE_DEBUG_INFO = NO;
				SDKROOT = macosx;
			};
			name = Release;
		};
		325EC3C81ACD9057004BAA92 /* Debug */ = {
			isa = XCBuildConfiguration;
			buildSettings = {
				PRODUCT_NAME = "$(TARGET_NAME)";
			};
			name = Debug;
		};
		325EC3C91ACD9057004BAA92 /* Release */ = {
			isa = XCBuildConfiguration;
			buildSettings = {
				PRODUCT_NAME = "$(TARGET_NAME)";
			};
			name = Release;
		};
/* End XCBuildConfiguration section */

/* Begin XCConfigurationList section */
		325EC3BB1ACD9057004BAA92 /* Build configuration list for PBXProject "Chapter04Exercise09" */ = {
			isa = XCConfigurationList;
			buildConfigurations = (
				325EC3C51ACD9057004BAA92 /* Debug */,
				325EC3C61ACD9057004BAA92 /* Release */,
			);
			defaultConfigurationIsVisible = 0;
			defaultConfigurationName = Release;
		};
		325EC3C71ACD9057004BAA92 /* Build configuration list for PBXNativeTarget "Chapter04Exercise09" */ = {
			isa = XCConfigurationList;
			buildConfigurations = (
				325EC3C81ACD9057004BAA92 /* Debug */,
				325EC3C91ACD9057004BAA92 /* Release */,
			);
			defaultConfigurationIsVisible = 0;
		};
/* End XCConfigurationList section */
	};
	rootObject = 325EC3B81ACD9057004BAA92 /* Project object */;
}
