// !$*UTF8*$!
{
	archiveVersion = 1;
	classes = {
	};
	objectVersion = 46;
	objects = {

/* Begin PBXContainerItemProxy section */
		325EC21E1AC9DA30004BAA92 /* PBXContainerItemProxy */ = {
			isa = PBXContainerItemProxy;
			containerPortal = 325EC21A1AC9DA30004BAA92 /* cppch02.xcodeproj */;
			proxyType = 2;
			remoteGlobalIDString = 325EC2101AC9DA30004BAA92;
			remoteInfo = cppch02;
		};
		325EC2391AC9EC2E004BAA92 /* PBXContainerItemProxy */ = {
			isa = PBXContainerItemProxy;
			containerPortal = 325EC2351AC9EC2D004BAA92 /* cppch03.xcodeproj */;
			proxyType = 2;
			remoteGlobalIDString = 325EC22B1AC9EC2C004BAA92;
			remoteInfo = cppch03;
		};
/* End PBXContainerItemProxy section */

/* Begin PBXCopyFilesBuildPhase section */
		325EC1C11AC9954F004BAA92 /* CopyFiles */ = {
			isa = PBXCopyFilesBuildPhase;
			buildActionMask = 2147483647;
			dstPath = /usr/share/man/man1/;
			dstSubfolderSpec = 0;
			files = (
			);
			runOnlyForDeploymentPostprocessing = 1;
		};
/* End PBXCopyFilesBuildPhase section */

/* Begin PBXFileReference section */
		325EC1C31AC9954F004BAA92 /* C++ Primer Plus */ = {isa = PBXFileReference; explicitFileType = "compiled.mach-o.executable"; includeInIndex = 0; name = "C++ Primer Plus"; path = "/Users/titaniaann/Sites/C-Primer-Plus-Questions-Exercises/build/Debug/C++ Primer Plus"; sourceTree = "<absolute>"; };
		325EC21A1AC9DA30004BAA92 /* cppch02.xcodeproj */ = {isa = PBXFileReference; lastKnownFileType = "wrapper.pb-project"; name = cppch02.xcodeproj; path = chapter02/cppch02/cppch02.xcodeproj; sourceTree = "<group>"; };
		325EC2201AC9DA7B004BAA92 /* Review Questions 02 */ = {isa = PBXFileReference; fileEncoding = 4; lastKnownFileType = text; name = "Review Questions 02"; path = "chapter02/Review Questions 02"; sourceTree = "<group>"; };
		325EC2351AC9EC2D004BAA92 /* cppch03.xcodeproj */ = {isa = PBXFileReference; lastKnownFileType = "wrapper.pb-project"; name = cppch03.xcodeproj; path = chapter03/cppch03/cppch03.xcodeproj; sourceTree = "<group>"; };
/* End PBXFileReference section */

/* Begin PBXFrameworksBuildPhase section */
		325EC1C01AC9954F004BAA92 /* Frameworks */ = {
			isa = PBXFrameworksBuildPhase;
			buildActionMask = 2147483647;
			files = (
			);
			runOnlyForDeploymentPostprocessing = 0;
		};
/* End PBXFrameworksBuildPhase section */

/* Begin PBXGroup section */
		325EC1BA1AC9954F004BAA92 = {
			isa = PBXGroup;
			children = (
				325EC2211AC9EBDB004BAA92 /* chapter03 */,
				325EC2061AC9D9DD004BAA92 /* chapter02 */,
			);
			sourceTree = "<group>";
		};
		325EC2061AC9D9DD004BAA92 /* chapter02 */ = {
			isa = PBXGroup;
			children = (
				325EC21A1AC9DA30004BAA92 /* cppch02.xcodeproj */,
				325EC2201AC9DA7B004BAA92 /* Review Questions 02 */,
			);
			name = chapter02;
			sourceTree = "<group>";
		};
		325EC21B1AC9DA30004BAA92 /* Products */ = {
			isa = PBXGroup;
			children = (
				325EC21F1AC9DA30004BAA92 /* cppch02 */,
			);
			name = Products;
			sourceTree = "<group>";
		};
		325EC2211AC9EBDB004BAA92 /* chapter03 */ = {
			isa = PBXGroup;
			children = (
				325EC2351AC9EC2D004BAA92 /* cppch03.xcodeproj */,
			);
			name = chapter03;
			sourceTree = "<group>";
		};
		325EC2361AC9EC2D004BAA92 /* Products */ = {
			isa = PBXGroup;
			children = (
				325EC23A1AC9EC2E004BAA92 /* cppch03 */,
			);
			name = Products;
			sourceTree = "<group>";
		};
/* End PBXGroup section */

/* Begin PBXNativeTarget section */
		325EC1C21AC9954F004BAA92 /* C++ Primer Plus */ = {
			isa = PBXNativeTarget;
			buildConfigurationList = 325EC1CA1AC9954F004BAA92 /* Build configuration list for PBXNativeTarget "C++ Primer Plus" */;
			buildPhases = (
				325EC1BF1AC9954F004BAA92 /* Sources */,
				325EC1C01AC9954F004BAA92 /* Frameworks */,
				325EC1C11AC9954F004BAA92 /* CopyFiles */,
			);
			buildRules = (
			);
			dependencies = (
			);
			name = "C++ Primer Plus";
			productName = "C++ Primer Plus";
			productReference = 325EC1C31AC9954F004BAA92 /* C++ Primer Plus */;
			productType = "com.apple.product-type.tool";
		};
/* End PBXNativeTarget section */

/* Begin PBXProject section */
		325EC1BB1AC9954F004BAA92 /* Project object */ = {
			isa = PBXProject;
			attributes = {
				LastUpgradeCheck = 0620;
				ORGANIZATIONNAME = "Cynthia Brown";
				TargetAttributes = {
					325EC1C21AC9954F004BAA92 = {
						CreatedOnToolsVersion = 6.2;
					};
				};
			};
			buildConfigurationList = 325EC1BE1AC9954F004BAA92 /* Build configuration list for PBXProject "C++ Primer Plus" */;
			compatibilityVersion = "Xcode 3.2";
			developmentRegion = English;
			hasScannedForEncodings = 0;
			knownRegions = (
				en,
			);
			mainGroup = 325EC1BA1AC9954F004BAA92;
			productRefGroup = 325EC1BA1AC9954F004BAA92;
			projectDirPath = "";
			projectReferences = (
				{
					ProductGroup = 325EC21B1AC9DA30004BAA92 /* Products */;
					ProjectRef = 325EC21A1AC9DA30004BAA92 /* cppch02.xcodeproj */;
				},
				{
					ProductGroup = 325EC2361AC9EC2D004BAA92 /* Products */;
					ProjectRef = 325EC2351AC9EC2D004BAA92 /* cppch03.xcodeproj */;
				},
			);
			projectRoot = "";
			targets = (
				325EC1C21AC9954F004BAA92 /* C++ Primer Plus */,
			);
		};
/* End PBXProject section */

/* Begin PBXReferenceProxy section */
		325EC21F1AC9DA30004BAA92 /* cppch02 */ = {
			isa = PBXReferenceProxy;
			fileType = "compiled.mach-o.executable";
			path = cppch02;
			remoteRef = 325EC21E1AC9DA30004BAA92 /* PBXContainerItemProxy */;
			sourceTree = BUILT_PRODUCTS_DIR;
		};
		325EC23A1AC9EC2E004BAA92 /* cppch03 */ = {
			isa = PBXReferenceProxy;
			fileType = "compiled.mach-o.executable";
			path = cppch03;
			remoteRef = 325EC2391AC9EC2E004BAA92 /* PBXContainerItemProxy */;
			sourceTree = BUILT_PRODUCTS_DIR;
		};
/* End PBXReferenceProxy section */

/* Begin PBXSourcesBuildPhase section */
		325EC1BF1AC9954F004BAA92 /* Sources */ = {
			isa = PBXSourcesBuildPhase;
			buildActionMask = 2147483647;
			files = (
			);
			runOnlyForDeploymentPostprocessing = 0;
		};
/* End PBXSourcesBuildPhase section */

/* Begin XCBuildConfiguration section */
		325EC1C81AC9954F004BAA92 /* Debug */ = {
			isa = XCBuildConfiguration;
			buildSettings = {
				ALWAYS_SEARCH_USER_PATHS = NO;
				CLANG_CXX_LANGUAGE_STANDARD = "gnu++0x";
				CLANG_CXX_LIBRARY = "libc++";
				CLANG_ENABLE_MODULES = YES;
				CLANG_ENABLE_OBJC_ARC = YES;
				CLANG_WARN_BOOL_CONVERSION = YES;
				CLANG_WARN_CONSTANT_CONVERSION = YES;
				CLANG_WARN_DIRECT_OBJC_ISA_USAGE = YES_ERROR;
				CLANG_WARN_EMPTY_BODY = YES;
				CLANG_WARN_ENUM_CONVERSION = YES;
				CLANG_WARN_INT_CONVERSION = YES;
				CLANG_WARN_OBJC_ROOT_CLASS = YES_ERROR;
				CLANG_WARN_UNREACHABLE_CODE = YES;
				CLANG_WARN__DUPLICATE_METHOD_MATCH = YES;
				COPY_PHASE_STRIP = NO;
				ENABLE_STRICT_OBJC_MSGSEND = YES;
				GCC_C_LANGUAGE_STANDARD = gnu99;
				GCC_DYNAMIC_NO_PIC = NO;
				GCC_OPTIMIZATION_LEVEL = 0;
				GCC_PREPROCESSOR_DEFINITIONS = (
					"DEBUG=1",
					"$(inherited)",
				);
				GCC_SYMBOLS_PRIVATE_EXTERN = NO;
				GCC_WARN_64_TO_32_BIT_CONVERSION = YES;
				GCC_WARN_ABOUT_RETURN_TYPE = YES_ERROR;
				GCC_WARN_UNDECLARED_SELECTOR = YES;
				GCC_WARN_UNINITIALIZED_AUTOS = YES_AGGRESSIVE;
				GCC_WARN_UNUSED_FUNCTION = YES;
				GCC_WARN_UNUSED_VARIABLE = YES;
				MACOSX_DEPLOYMENT_TARGET = 10.10;
				MTL_ENABLE_DEBUG_INFO = YES;
				ONLY_ACTIVE_ARCH = YES;
				SDKROOT = macosx;
			};
			name = Debug;
		};
		325EC1C91AC9954F004BAA92 /* Release */ = {
			isa = XCBuildConfiguration;
			buildSettings = {
				ALWAYS_SEARCH_USER_PATHS = NO;
				CLANG_CXX_LANGUAGE_STANDARD = "gnu++0x";
				CLANG_CXX_LIBRARY = "libc++";
				CLANG_ENABLE_MODULES = YES;
				CLANG_ENABLE_OBJC_ARC = YES;
				CLANG_WARN_BOOL_CONVERSION = YES;
				CLANG_WARN_CONSTANT_CONVERSION = YES;
				CLANG_WARN_DIRECT_OBJC_ISA_USAGE = YES_ERROR;
				CLANG_WARN_EMPTY_BODY = YES;
				CLANG_WARN_ENUM_CONVERSION = YES;
				CLANG_WARN_INT_CONVERSION = YES;
				CLANG_WARN_OBJC_ROOT_CLASS = YES_ERROR;
				CLANG_WARN_UNREACHABLE_CODE = YES;
				CLANG_WARN__DUPLICATE_METHOD_MATCH = YES;
				COPY_PHASE_STRIP = NO;
				DEBUG_INFORMATION_FORMAT = "dwarf-with-dsym";
				ENABLE_NS_ASSERTIONS = NO;
				ENABLE_STRICT_OBJC_MSGSEND = YES;
				GCC_C_LANGUAGE_STANDARD = gnu99;
				GCC_WARN_64_TO_32_BIT_CONVERSION = YES;
				GCC_WARN_ABOUT_RETURN_TYPE = YES_ERROR;
				GCC_WARN_UNDECLARED_SELECTOR = YES;
				GCC_WARN_UNINITIALIZED_AUTOS = YES_AGGRESSIVE;
				GCC_WARN_UNUSED_FUNCTION = YES;
				GCC_WARN_UNUSED_VARIABLE = YES;
				MACOSX_DEPLOYMENT_TARGET = 10.10;
				MTL_ENABLE_DEBUG_INFO = NO;
				SDKROOT = macosx;
			};
			name = Release;
		};
		325EC1CB1AC9954F004BAA92 /* Debug */ = {
			isa = XCBuildConfiguration;
			buildSettings = {
				PRODUCT_NAME = "$(TARGET_NAME)";
			};
			name = Debug;
		};
		325EC1CC1AC9954F004BAA92 /* Release */ = {
			isa = XCBuildConfiguration;
			buildSettings = {
				PRODUCT_NAME = "$(TARGET_NAME)";
			};
			name = Release;
		};
/* End XCBuildConfiguration section */

/* Begin XCConfigurationList section */
		325EC1BE1AC9954F004BAA92 /* Build configuration list for PBXProject "C++ Primer Plus" */ = {
			isa = XCConfigurationList;
			buildConfigurations = (
				325EC1C81AC9954F004BAA92 /* Debug */,
				325EC1C91AC9954F004BAA92 /* Release */,
			);
			defaultConfigurationIsVisible = 0;
			defaultConfigurationName = Release;
		};
		325EC1CA1AC9954F004BAA92 /* Build configuration list for PBXNativeTarget "C++ Primer Plus" */ = {
			isa = XCConfigurationList;
			buildConfigurations = (
				325EC1CB1AC9954F004BAA92 /* Debug */,
				325EC1CC1AC9954F004BAA92 /* Release */,
			);
			defaultConfigurationIsVisible = 0;
			defaultConfigurationName = Release;
		};
/* End XCConfigurationList section */
	};
	rootObject = 325EC1BB1AC9954F004BAA92 /* Project object */;
}
